
Microsoft Visual Studio Solution File, Format Version 12.00
# Visual Studio Version 16
VisualStudioVersion = 16.0.30406.217
MinimumVisualStudioVersion = 10.0.40219.1
Project("{FAE04EC0-301F-11D3-BF4B-00C04F79EFBC}") = "MyChefApp.Android", "MyChefApp\MyChefApp.Android\MyChefApp.Android.csproj", "{1B2A60B7-29D9-4F53-8F63-3A98FC73186C}"
EndProject
Project("{FAE04EC0-301F-11D3-BF4B-00C04F79EFBC}") = "MyChefApp.iOS", "MyChefApp\MyChefApp.iOS\MyChefApp.iOS.csproj", "{59A8853E-0716-4FBB-AB37-64FDB5B0EADF}"
EndProject
Project("{9A19103F-16F7-4668-BE54-9A1E7A4F7556}") = "MyChefApp", "MyChefApp\MyChefApp\MyChefApp.csproj", "{273016F4-1FF3-4D42-AB08-F5375583E6E7}"
EndProject
Project("{9A19103F-16F7-4668-BE54-9A1E7A4F7556}") = "MyChefApi", "MyChefApi\MyChefApi.csproj", "{065F789E-824C-426C-949D-3D6A3E5B75A7}"
EndProject
Project("{2150E333-8FDC-42A3-9474-1A3956D46DE8}") = "Client", "Client", "{59B27DA9-3375-42E4-8325-7F3F99747984}"
EndProject
Project("{2150E333-8FDC-42A3-9474-1A3956D46DE8}") = "API", "API", "{7BC9CCD1-EC42-4449-ADB2-2F7C7A6F5E91}"
EndProject
Project("{2150E333-8FDC-42A3-9474-1A3956D46DE8}") = "Models", "Models", "{8CD49311-CD2C-4DAD-B4DD-BD2CF5E7D455}"
EndProject
Project("{9A19103F-16F7-4668-BE54-9A1E7A4F7556}") = "MyChefAppModels", "MyChefAppModels\MyChefAppModels.csproj", "{01EE71BB-48DA-4788-9750-A22932722E83}"
EndProject
Project("{2150E333-8FDC-42A3-9474-1A3956D46DE8}") = "Utilities", "Utilities", "{34E18EC2-3614-4109-B73E-712913CB4987}"
EndProject
Project("{9A19103F-16F7-4668-BE54-9A1E7A4F7556}") = "Utilities", "Utilities\Utilities.csproj", "{C568BDF7-6FB5-454D-ADC3-5CD2540B4938}"
EndProject
Project("{2150E333-8FDC-42A3-9474-1A3956D46DE8}") = "ViewModels", "ViewModels", "{39897A65-5C2F-47B3-B8B4-7A333CE823D0}"
EndProject
Project("{9A19103F-16F7-4668-BE54-9A1E7A4F7556}") = "MyChefAppViewModels", "MyChefAppViewModels\MyChefAppViewModels.csproj", "{BBE842D8-BDC6-471F-ABE5-59A35BFD0BAC}"
EndProject
Project("{2150E333-8FDC-42A3-9474-1A3956D46DE8}") = "Backup", "Backup", "{5AB3F108-9288-4F1C-9270-9E77CC7D0E76}"
	ProjectSection(SolutionItems) = preProject
		C:\Users\jbnb\Downloads\AWSCredentials.pem = C:\Users\jbnb\Downloads\AWSCredentials.pem
		C:\Users\jbnb\Desktop\FUI\Phase 3\DB.bacpac = C:\Users\jbnb\Desktop\FUI\Phase 3\DB.bacpac
		C:\Program Files\Microsoft SQL Server\MSSQL14.MSSQLSERVER\MSSQL\Backup\MyChef.bak = C:\Program Files\Microsoft SQL Server\MSSQL14.MSSQLSERVER\MSSQL\Backup\MyChef.bak
	EndProjectSection
EndProject
Project("{2150E333-8FDC-42A3-9474-1A3956D46DE8}") = "KeyStore", "KeyStore", "{5E17D766-0BA4-4AB0-AA9A-6FA7BD50A76A}"
	ProjectSection(SolutionItems) = preProject
		C:\Users\jbnb\AppData\Local\Xamarin\Mono for Android\Keystore\jSol\jSol.keyInfo = C:\Users\jbnb\AppData\Local\Xamarin\Mono for Android\Keystore\jSol\jSol.keyInfo
		C:\Users\jbnb\AppData\Local\Xamarin\Mono for Android\Keystore\jSol\jSol.keystore = C:\Users\jbnb\AppData\Local\Xamarin\Mono for Android\Keystore\jSol\jSol.keystore
		Note.txt = Note.txt
	EndProjectSection
EndProject
Project("{2150E333-8FDC-42A3-9474-1A3956D46DE8}") = "Xamarin Apps", "Xamarin Apps", "{9068D54A-09A4-4DFE-AB97-87DF590AA567}"
EndProject
Project("{2150E333-8FDC-42A3-9474-1A3956D46DE8}") = "Angular App", "Angular App", "{7F897440-E3B6-4FB0-A251-0E4E1BC8CDBF}"
EndProject
Project("{FAE04EC0-301F-11D3-BF4B-00C04F79EFBC}") = "AdminPanel", "AdminPanel\AdminPanel.csproj", "{C331B821-10FB-44EE-911C-31EDD5F9DEE0}"
EndProject
Global
	GlobalSection(SolutionConfigurationPlatforms) = preSolution
		Debug|Any CPU = Debug|Any CPU
		Debug|iPhone = Debug|iPhone
		Debug|iPhoneSimulator = Debug|iPhoneSimulator
		Release|Any CPU = Release|Any CPU
		Release|iPhone = Release|iPhone
		Release|iPhoneSimulator = Release|iPhoneSimulator
	EndGlobalSection
	GlobalSection(ProjectConfigurationPlatforms) = postSolution
		{1B2A60B7-29D9-4F53-8F63-3A98FC73186C}.Debug|Any CPU.ActiveCfg = Debug|Any CPU
		{1B2A60B7-29D9-4F53-8F63-3A98FC73186C}.Debug|Any CPU.Build.0 = Debug|Any CPU
		{1B2A60B7-29D9-4F53-8F63-3A98FC73186C}.Debug|Any CPU.Deploy.0 = Debug|Any CPU
		{1B2A60B7-29D9-4F53-8F63-3A98FC73186C}.Debug|iPhone.ActiveCfg = Debug|Any CPU
		{1B2A60B7-29D9-4F53-8F63-3A98FC73186C}.Debug|iPhone.Build.0 = Debug|Any CPU
		{1B2A60B7-29D9-4F53-8F63-3A98FC73186C}.Debug|iPhone.Deploy.0 = Debug|Any CPU
		{1B2A60B7-29D9-4F53-8F63-3A98FC73186C}.Debug|iPhoneSimulator.ActiveCfg = Debug|Any CPU
		{1B2A60B7-29D9-4F53-8F63-3A98FC73186C}.Debug|iPhoneSimulator.Build.0 = Debug|Any CPU
		{1B2A60B7-29D9-4F53-8F63-3A98FC73186C}.Debug|iPhoneSimulator.Deploy.0 = Debug|Any CPU
		{1B2A60B7-29D9-4F53-8F63-3A98FC73186C}.Release|Any CPU.ActiveCfg = Release|Any CPU
		{1B2A60B7-29D9-4F53-8F63-3A98FC73186C}.Release|Any CPU.Build.0 = Release|Any CPU
		{1B2A60B7-29D9-4F53-8F63-3A98FC73186C}.Release|Any CPU.Deploy.0 = Release|Any CPU
		{1B2A60B7-29D9-4F53-8F63-3A98FC73186C}.Release|iPhone.ActiveCfg = Release|Any CPU
		{1B2A60B7-29D9-4F53-8F63-3A98FC73186C}.Release|iPhone.Build.0 = Release|Any CPU
		{1B2A60B7-29D9-4F53-8F63-3A98FC73186C}.Release|iPhone.Deploy.0 = Release|Any CPU
		{1B2A60B7-29D9-4F53-8F63-3A98FC73186C}.Release|iPhoneSimulator.ActiveCfg = Release|Any CPU
		{1B2A60B7-29D9-4F53-8F63-3A98FC73186C}.Release|iPhoneSimulator.Build.0 = Release|Any CPU
		{1B2A60B7-29D9-4F53-8F63-3A98FC73186C}.Release|iPhoneSimulator.Deploy.0 = Release|Any CPU
		{59A8853E-0716-4FBB-AB37-64FDB5B0EADF}.Debug|Any CPU.ActiveCfg = Debug|iPhone
		{59A8853E-0716-4FBB-AB37-64FDB5B0EADF}.Debug|Any CPU.Build.0 = Debug|iPhone
		{59A8853E-0716-4FBB-AB37-64FDB5B0EADF}.Debug|Any CPU.Deploy.0 = Debug|iPhone
		{59A8853E-0716-4FBB-AB37-64FDB5B0EADF}.Debug|iPhone.ActiveCfg = Debug|iPhone
		{59A8853E-0716-4FBB-AB37-64FDB5B0EADF}.Debug|iPhone.Build.0 = Debug|iPhone
		{59A8853E-0716-4FBB-AB37-64FDB5B0EADF}.Debug|iPhone.Deploy.0 = Debug|iPhone
		{59A8853E-0716-4FBB-AB37-64FDB5B0EADF}.Debug|iPhoneSimulator.ActiveCfg = Debug|iPhoneSimulator
		{59A8853E-0716-4FBB-AB37-64FDB5B0EADF}.Debug|iPhoneSimulator.Build.0 = Debug|iPhoneSimulator
		{59A8853E-0716-4FBB-AB37-64FDB5B0EADF}.Debug|iPhoneSimulator.Deploy.0 = Debug|iPhoneSimulator
		{59A8853E-0716-4FBB-AB37-64FDB5B0EADF}.Release|Any CPU.ActiveCfg = Release|iPhone
		{59A8853E-0716-4FBB-AB37-64FDB5B0EADF}.Release|Any CPU.Build.0 = Release|iPhone
		{59A8853E-0716-4FBB-AB37-64FDB5B0EADF}.Release|Any CPU.Deploy.0 = Release|iPhone
		{59A8853E-0716-4FBB-AB37-64FDB5B0EADF}.Release|iPhone.ActiveCfg = Release|iPhone
		{59A8853E-0716-4FBB-AB37-64FDB5B0EADF}.Release|iPhone.Build.0 = Release|iPhone
		{59A8853E-0716-4FBB-AB37-64FDB5B0EADF}.Release|iPhone.Deploy.0 = Release|iPhone
		{59A8853E-0716-4FBB-AB37-64FDB5B0EADF}.Release|iPhoneSimulator.ActiveCfg = Release|iPhoneSimulator
		{59A8853E-0716-4FBB-AB37-64FDB5B0EADF}.Release|iPhoneSimulator.Build.0 = Release|iPhoneSimulator
		{59A8853E-0716-4FBB-AB37-64FDB5B0EADF}.Release|iPhoneSimulator.Deploy.0 = Release|iPhoneSimulator
		{273016F4-1FF3-4D42-AB08-F5375583E6E7}.Debug|Any CPU.ActiveCfg = Debug|Any CPU
		{273016F4-1FF3-4D42-AB08-F5375583E6E7}.Debug|Any CPU.Build.0 = Debug|Any CPU
		{273016F4-1FF3-4D42-AB08-F5375583E6E7}.Debug|Any CPU.Deploy.0 = Debug|Any CPU
		{273016F4-1FF3-4D42-AB08-F5375583E6E7}.Debug|iPhone.ActiveCfg = Debug|Any CPU
		{273016F4-1FF3-4D42-AB08-F5375583E6E7}.Debug|iPhone.Build.0 = Debug|Any CPU
		{273016F4-1FF3-4D42-AB08-F5375583E6E7}.Debug|iPhone.Deploy.0 = Debug|Any CPU
		{273016F4-1FF3-4D42-AB08-F5375583E6E7}.Debug|iPhoneSimulator.ActiveCfg = Debug|Any CPU
		{273016F4-1FF3-4D42-AB08-F5375583E6E7}.Debug|iPhoneSimulator.Build.0 = Debug|Any CPU
		{273016F4-1FF3-4D42-AB08-F5375583E6E7}.Debug|iPhoneSimulator.Deploy.0 = Debug|Any CPU
		{273016F4-1FF3-4D42-AB08-F5375583E6E7}.Release|Any CPU.ActiveCfg = Release|Any CPU
		{273016F4-1FF3-4D42-AB08-F5375583E6E7}.Release|Any CPU.Build.0 = Release|Any CPU
		{273016F4-1FF3-4D42-AB08-F5375583E6E7}.Release|Any CPU.Deploy.0 = Release|Any CPU
		{273016F4-1FF3-4D42-AB08-F5375583E6E7}.Release|iPhone.ActiveCfg = Release|Any CPU
		{273016F4-1FF3-4D42-AB08-F5375583E6E7}.Release|iPhone.Build.0 = Release|Any CPU
		{273016F4-1FF3-4D42-AB08-F5375583E6E7}.Release|iPhone.Deploy.0 = Release|Any CPU
		{273016F4-1FF3-4D42-AB08-F5375583E6E7}.Release|iPhoneSimulator.ActiveCfg = Release|Any CPU
		{273016F4-1FF3-4D42-AB08-F5375583E6E7}.Release|iPhoneSimulator.Build.0 = Release|Any CPU
		{273016F4-1FF3-4D42-AB08-F5375583E6E7}.Release|iPhoneSimulator.Deploy.0 = Release|Any CPU
		{065F789E-824C-426C-949D-3D6A3E5B75A7}.Debug|Any CPU.ActiveCfg = Debug|Any CPU
		{065F789E-824C-426C-949D-3D6A3E5B75A7}.Debug|Any CPU.Build.0 = Debug|Any CPU
		{065F789E-824C-426C-949D-3D6A3E5B75A7}.Debug|iPhone.ActiveCfg = Debug|Any CPU
		{065F789E-824C-426C-949D-3D6A3E5B75A7}.Debug|iPhone.Build.0 = Debug|Any CPU
		{065F789E-824C-426C-949D-3D6A3E5B75A7}.Debug|iPhoneSimulator.ActiveCfg = Debug|Any CPU
		{065F789E-824C-426C-949D-3D6A3E5B75A7}.Debug|iPhoneSimulator.Build.0 = Debug|Any CPU
		{065F789E-824C-426C-949D-3D6A3E5B75A7}.Release|Any CPU.ActiveCfg = Release|Any CPU
		{065F789E-824C-426C-949D-3D6A3E5B75A7}.Release|Any CPU.Build.0 = Release|Any CPU
		{065F789E-824C-426C-949D-3D6A3E5B75A7}.Release|iPhone.ActiveCfg = Release|Any CPU
		{065F789E-824C-426C-949D-3D6A3E5B75A7}.Release|iPhone.Build.0 = Release|Any CPU
		{065F789E-824C-426C-949D-3D6A3E5B75A7}.Release|iPhoneSimulator.ActiveCfg = Release|Any CPU
		{065F789E-824C-426C-949D-3D6A3E5B75A7}.Release|iPhoneSimulator.Build.0 = Release|Any CPU
		{01EE71BB-48DA-4788-9750-A22932722E83}.Debug|Any CPU.ActiveCfg = Debug|Any CPU
		{01EE71BB-48DA-4788-9750-A22932722E83}.Debug|Any CPU.Build.0 = Debug|Any CPU
		{01EE71BB-48DA-4788-9750-A22932722E83}.Debug|iPhone.ActiveCfg = Debug|Any CPU
		{01EE71BB-48DA-4788-9750-A22932722E83}.Debug|iPhone.Build.0 = Debug|Any CPU
		{01EE71BB-48DA-4788-9750-A22932722E83}.Debug|iPhoneSimulator.ActiveCfg = Debug|Any CPU
		{01EE71BB-48DA-4788-9750-A22932722E83}.Debug|iPhoneSimulator.Build.0 = Debug|Any CPU
		{01EE71BB-48DA-4788-9750-A22932722E83}.Release|Any CPU.ActiveCfg = Release|Any CPU
		{01EE71BB-48DA-4788-9750-A22932722E83}.Release|Any CPU.Build.0 = Release|Any CPU
		{01EE71BB-48DA-4788-9750-A22932722E83}.Release|iPhone.ActiveCfg = Release|Any CPU
		{01EE71BB-48DA-4788-9750-A22932722E83}.Release|iPhone.Build.0 = Release|Any CPU
		{01EE71BB-48DA-4788-9750-A22932722E83}.Release|iPhoneSimulator.ActiveCfg = Release|Any CPU
		{01EE71BB-48DA-4788-9750-A22932722E83}.Release|iPhoneSimulator.Build.0 = Release|Any CPU
		{C568BDF7-6FB5-454D-ADC3-5CD2540B4938}.Debug|Any CPU.ActiveCfg = Debug|Any CPU
		{C568BDF7-6FB5-454D-ADC3-5CD2540B4938}.Debug|Any CPU.Build.0 = Debug|Any CPU
		{C568BDF7-6FB5-454D-ADC3-5CD2540B4938}.Debug|iPhone.ActiveCfg = Debug|Any CPU
		{C568BDF7-6FB5-454D-ADC3-5CD2540B4938}.Debug|iPhone.Build.0 = Debug|Any CPU
		{C568BDF7-6FB5-454D-ADC3-5CD2540B4938}.Debug|iPhoneSimulator.ActiveCfg = Debug|Any CPU
		{C568BDF7-6FB5-454D-ADC3-5CD2540B4938}.Debug|iPhoneSimulator.Build.0 = Debug|Any CPU
		{C568BDF7-6FB5-454D-ADC3-5CD2540B4938}.Release|Any CPU.ActiveCfg = Release|Any CPU
		{C568BDF7-6FB5-454D-ADC3-5CD2540B4938}.Release|Any CPU.Build.0 = Release|Any CPU
		{C568BDF7-6FB5-454D-ADC3-5CD2540B4938}.Release|iPhone.ActiveCfg = Release|Any CPU
		{C568BDF7-6FB5-454D-ADC3-5CD2540B4938}.Release|iPhone.Build.0 = Release|Any CPU
		{C568BDF7-6FB5-454D-ADC3-5CD2540B4938}.Release|iPhoneSimulator.ActiveCfg = Release|Any CPU
		{C568BDF7-6FB5-454D-ADC3-5CD2540B4938}.Release|iPhoneSimulator.Build.0 = Release|Any CPU
		{BBE842D8-BDC6-471F-ABE5-59A35BFD0BAC}.Debug|Any CPU.ActiveCfg = Debug|Any CPU
		{BBE842D8-BDC6-471F-ABE5-59A35BFD0BAC}.Debug|Any CPU.Build.0 = Debug|Any CPU
		{BBE842D8-BDC6-471F-ABE5-59A35BFD0BAC}.Debug|iPhone.ActiveCfg = Debug|Any CPU
		{BBE842D8-BDC6-471F-ABE5-59A35BFD0BAC}.Debug|iPhone.Build.0 = Debug|Any CPU
		{BBE842D8-BDC6-471F-ABE5-59A35BFD0BAC}.Debug|iPhoneSimulator.ActiveCfg = Debug|Any CPU
		{BBE842D8-BDC6-471F-ABE5-59A35BFD0BAC}.Debug|iPhoneSimulator.Build.0 = Debug|Any CPU
		{BBE842D8-BDC6-471F-ABE5-59A35BFD0BAC}.Release|Any CPU.ActiveCfg = Release|Any CPU
		{BBE842D8-BDC6-471F-ABE5-59A35BFD0BAC}.Release|Any CPU.Build.0 = Release|Any CPU
		{BBE842D8-BDC6-471F-ABE5-59A35BFD0BAC}.Release|iPhone.ActiveCfg = Release|Any CPU
		{BBE842D8-BDC6-471F-ABE5-59A35BFD0BAC}.Release|iPhone.Build.0 = Release|Any CPU
		{BBE842D8-BDC6-471F-ABE5-59A35BFD0BAC}.Release|iPhoneSimulator.ActiveCfg = Release|Any CPU
		{BBE842D8-BDC6-471F-ABE5-59A35BFD0BAC}.Release|iPhoneSimulator.Build.0 = Release|Any CPU
		{C331B821-10FB-44EE-911C-31EDD5F9DEE0}.Debug|Any CPU.ActiveCfg = Debug|Any CPU
		{C331B821-10FB-44EE-911C-31EDD5F9DEE0}.Debug|Any CPU.Build.0 = Debug|Any CPU
		{C331B821-10FB-44EE-911C-31EDD5F9DEE0}.Debug|iPhone.ActiveCfg = Debug|Any CPU
		{C331B821-10FB-44EE-911C-31EDD5F9DEE0}.Debug|iPhone.Build.0 = Debug|Any CPU
		{C331B821-10FB-44EE-911C-31EDD5F9DEE0}.Debug|iPhoneSimulator.ActiveCfg = Debug|Any CPU
		{C331B821-10FB-44EE-911C-31EDD5F9DEE0}.Debug|iPhoneSimulator.Build.0 = Debug|Any CPU
		{C331B821-10FB-44EE-911C-31EDD5F9DEE0}.Release|Any CPU.ActiveCfg = Release|Any CPU
		{C331B821-10FB-44EE-911C-31EDD5F9DEE0}.Release|Any CPU.Build.0 = Release|Any CPU
		{C331B821-10FB-44EE-911C-31EDD5F9DEE0}.Release|iPhone.ActiveCfg = Release|Any CPU
		{C331B821-10FB-44EE-911C-31EDD5F9DEE0}.Release|iPhone.Build.0 = Release|Any CPU
		{C331B821-10FB-44EE-911C-31EDD5F9DEE0}.Release|iPhoneSimulator.ActiveCfg = Release|Any CPU
		{C331B821-10FB-44EE-911C-31EDD5F9DEE0}.Release|iPhoneSimulator.Build.0 = Release|Any CPU
	EndGlobalSection
	GlobalSection(SolutionProperties) = preSolution
		HideSolutionNode = FALSE
	EndGlobalSection
	GlobalSection(NestedProjects) = preSolution
		{1B2A60B7-29D9-4F53-8F63-3A98FC73186C} = {9068D54A-09A4-4DFE-AB97-87DF590AA567}
		{59A8853E-0716-4FBB-AB37-64FDB5B0EADF} = {9068D54A-09A4-4DFE-AB97-87DF590AA567}
		{273016F4-1FF3-4D42-AB08-F5375583E6E7} = {9068D54A-09A4-4DFE-AB97-87DF590AA567}
		{065F789E-824C-426C-949D-3D6A3E5B75A7} = {7BC9CCD1-EC42-4449-ADB2-2F7C7A6F5E91}
		{01EE71BB-48DA-4788-9750-A22932722E83} = {8CD49311-CD2C-4DAD-B4DD-BD2CF5E7D455}
		{C568BDF7-6FB5-454D-ADC3-5CD2540B4938} = {34E18EC2-3614-4109-B73E-712913CB4987}
		{BBE842D8-BDC6-471F-ABE5-59A35BFD0BAC} = {39897A65-5C2F-47B3-B8B4-7A333CE823D0}
		{5E17D766-0BA4-4AB0-AA9A-6FA7BD50A76A} = {5AB3F108-9288-4F1C-9270-9E77CC7D0E76}
		{9068D54A-09A4-4DFE-AB97-87DF590AA567} = {59B27DA9-3375-42E4-8325-7F3F99747984}
		{7F897440-E3B6-4FB0-A251-0E4E1BC8CDBF} = {59B27DA9-3375-42E4-8325-7F3F99747984}
		{C331B821-10FB-44EE-911C-31EDD5F9DEE0} = {7F897440-E3B6-4FB0-A251-0E4E1BC8CDBF}
	EndGlobalSection
	GlobalSection(ExtensibilityGlobals) = postSolution
		SolutionGuid = {EB522010-217A-4232-B641-20CDB1A53A83}
	EndGlobalSection
EndGlobal
